// !$*UTF8*$!
{
	archiveVersion = 1;
	classes = {
	};
	objectVersion = 56;
	objects = {

/* Begin PBXBuildFile section */
		EC065E7329541D1E0033F314 /* LandmarkRow.swift in Sources */ = {isa = PBXBuildFile; fileRef = EC065E7229541D1E0033F314 /* LandmarkRow.swift */; };
		EC065E752959566E0033F314 /* LandmarkList.swift in Sources */ = {isa = PBXBuildFile; fileRef = EC065E742959566E0033F314 /* LandmarkList.swift */; };
		EC065E772959641B0033F314 /* LandmarkDetail.swift in Sources */ = {isa = PBXBuildFile; fileRef = EC065E762959641B0033F314 /* LandmarkDetail.swift */; };
		EC065E79295A6A6E0033F314 /* FavoriteButton.swift in Sources */ = {isa = PBXBuildFile; fileRef = EC065E78295A6A6E0033F314 /* FavoriteButton.swift */; };
		EC065E7E295A6FF10033F314 /* HexagonParameters.swift in Sources */ = {isa = PBXBuildFile; fileRef = EC065E7D295A6FF10033F314 /* HexagonParameters.swift */; };
		EC065E80295A7F990033F314 /* BadgeBackground.swift in Sources */ = {isa = PBXBuildFile; fileRef = EC065E7F295A7F990033F314 /* BadgeBackground.swift */; };
		EC065E82295AB5230033F314 /* BadgeSymbol.swift in Sources */ = {isa = PBXBuildFile; fileRef = EC065E81295AB5230033F314 /* BadgeSymbol.swift */; };
		EC065E84295AB8F80033F314 /* RotatedBadgeSymbol.swift in Sources */ = {isa = PBXBuildFile; fileRef = EC065E83295AB8F80033F314 /* RotatedBadgeSymbol.swift */; };
		EC065E87295AB9CB0033F314 /* Badge.swift in Sources */ = {isa = PBXBuildFile; fileRef = EC065E86295AB9CB0033F314 /* Badge.swift */; };
		EC065E89295AC2E20033F314 /* hikeData.json in Resources */ = {isa = PBXBuildFile; fileRef = EC065E88295AC2E10033F314 /* hikeData.json */; };
		EC065E8B295AC31B0033F314 /* Hike.swift in Sources */ = {isa = PBXBuildFile; fileRef = EC065E8A295AC31B0033F314 /* Hike.swift */; };
		EC065E91295ACA7B0033F314 /* GraphCapsule.swift in Sources */ = {isa = PBXBuildFile; fileRef = EC065E8D295ACA7B0033F314 /* GraphCapsule.swift */; };
		EC065E92295ACA7B0033F314 /* HikeGraph.swift in Sources */ = {isa = PBXBuildFile; fileRef = EC065E8E295ACA7B0033F314 /* HikeGraph.swift */; };
		EC065E93295ACA7B0033F314 /* HikeDetail.swift in Sources */ = {isa = PBXBuildFile; fileRef = EC065E8F295ACA7B0033F314 /* HikeDetail.swift */; };
		EC065E94295ACA7B0033F314 /* HikeView.swift in Sources */ = {isa = PBXBuildFile; fileRef = EC065E90295ACA7B0033F314 /* HikeView.swift */; };
		EC08FE5F295BB076003E9023 /* LICENSE.txt in Resources */ = {isa = PBXBuildFile; fileRef = EC08FE5E295BB076003E9023 /* LICENSE.txt */; };
		EC08FE62295BB805003E9023 /* CategoryHome.swift in Sources */ = {isa = PBXBuildFile; fileRef = EC08FE61295BB805003E9023 /* CategoryHome.swift */; };
		EC08FE64295BC69B003E9023 /* CategoryRow.swift in Sources */ = {isa = PBXBuildFile; fileRef = EC08FE63295BC69B003E9023 /* CategoryRow.swift */; };
		EC08FE66295BC813003E9023 /* CategoryItem.swift in Sources */ = {isa = PBXBuildFile; fileRef = EC08FE65295BC813003E9023 /* CategoryItem.swift */; };
		ECC517232953D56000874349 /* LandmarksApp.swift in Sources */ = {isa = PBXBuildFile; fileRef = ECC517222953D56000874349 /* LandmarksApp.swift */; };
		ECC517252953D56000874349 /* ContentView.swift in Sources */ = {isa = PBXBuildFile; fileRef = ECC517242953D56000874349 /* ContentView.swift */; };
		ECC517272953D56500874349 /* Assets.xcassets in Resources */ = {isa = PBXBuildFile; fileRef = ECC517262953D56500874349 /* Assets.xcassets */; };
		ECC5172A2953D56500874349 /* Preview Assets.xcassets in Resources */ = {isa = PBXBuildFile; fileRef = ECC517292953D56500874349 /* Preview Assets.xcassets */; };
		ECC517312953DB1600874349 /* CircleImage.swift in Sources */ = {isa = PBXBuildFile; fileRef = ECC517302953DB1600874349 /* CircleImage.swift */; };
		ECC517332953DCD300874349 /* MapView.swift in Sources */ = {isa = PBXBuildFile; fileRef = ECC517322953DCD300874349 /* MapView.swift */; };
		ECC517352953E8B700874349 /* landmarkData.json in Resources */ = {isa = PBXBuildFile; fileRef = ECC517342953E8B700874349 /* landmarkData.json */; };
		ECC5173729540A6200874349 /* Landmark.swift in Sources */ = {isa = PBXBuildFile; fileRef = ECC5173629540A6200874349 /* Landmark.swift */; };
		ECC5173929540EE000874349 /* ModelData.swift in Sources */ = {isa = PBXBuildFile; fileRef = ECC5173829540EE000874349 /* ModelData.swift */; };
/* End PBXBuildFile section */

/* Begin PBXFileReference section */
		EC065E7229541D1E0033F314 /* LandmarkRow.swift */ = {isa = PBXFileReference; lastKnownFileType = sourcecode.swift; path = LandmarkRow.swift; sourceTree = "<group>"; };
		EC065E742959566E0033F314 /* LandmarkList.swift */ = {isa = PBXFileReference; lastKnownFileType = sourcecode.swift; path = LandmarkList.swift; sourceTree = "<group>"; };
		EC065E762959641B0033F314 /* LandmarkDetail.swift */ = {isa = PBXFileReference; lastKnownFileType = sourcecode.swift; path = LandmarkDetail.swift; sourceTree = "<group>"; };
		EC065E78295A6A6E0033F314 /* FavoriteButton.swift */ = {isa = PBXFileReference; lastKnownFileType = sourcecode.swift; path = FavoriteButton.swift; sourceTree = "<group>"; };
		EC065E7D295A6FF10033F314 /* HexagonParameters.swift */ = {isa = PBXFileReference; lastKnownFileType = sourcecode.swift; path = HexagonParameters.swift; sourceTree = "<group>"; };
		EC065E7F295A7F990033F314 /* BadgeBackground.swift */ = {isa = PBXFileReference; lastKnownFileType = sourcecode.swift; path = BadgeBackground.swift; sourceTree = "<group>"; };
		EC065E81295AB5230033F314 /* BadgeSymbol.swift */ = {isa = PBXFileReference; lastKnownFileType = sourcecode.swift; path = BadgeSymbol.swift; sourceTree = "<group>"; };
		EC065E83295AB8F80033F314 /* RotatedBadgeSymbol.swift */ = {isa = PBXFileReference; lastKnownFileType = sourcecode.swift; path = RotatedBadgeSymbol.swift; sourceTree = "<group>"; };
		EC065E86295AB9CB0033F314 /* Badge.swift */ = {isa = PBXFileReference; lastKnownFileType = sourcecode.swift; path = Badge.swift; sourceTree = "<group>"; };
		EC065E88295AC2E10033F314 /* hikeData.json */ = {isa = PBXFileReference; fileEncoding = 4; lastKnownFileType = text.json; path = hikeData.json; sourceTree = "<group>"; };
		EC065E8A295AC31B0033F314 /* Hike.swift */ = {isa = PBXFileReference; lastKnownFileType = sourcecode.swift; path = Hike.swift; sourceTree = "<group>"; };
		EC065E8D295ACA7B0033F314 /* GraphCapsule.swift */ = {isa = PBXFileReference; fileEncoding = 4; lastKnownFileType = sourcecode.swift; path = GraphCapsule.swift; sourceTree = "<group>"; };
		EC065E8E295ACA7B0033F314 /* HikeGraph.swift */ = {isa = PBXFileReference; fileEncoding = 4; lastKnownFileType = sourcecode.swift; path = HikeGraph.swift; sourceTree = "<group>"; };
		EC065E8F295ACA7B0033F314 /* HikeDetail.swift */ = {isa = PBXFileReference; fileEncoding = 4; lastKnownFileType = sourcecode.swift; path = HikeDetail.swift; sourceTree = "<group>"; };
		EC065E90295ACA7B0033F314 /* HikeView.swift */ = {isa = PBXFileReference; fileEncoding = 4; lastKnownFileType = sourcecode.swift; path = HikeView.swift; sourceTree = "<group>"; };
		EC08FE5E295BB076003E9023 /* LICENSE.txt */ = {isa = PBXFileReference; fileEncoding = 4; lastKnownFileType = text; path = LICENSE.txt; sourceTree = "<group>"; };
		EC08FE61295BB805003E9023 /* CategoryHome.swift */ = {isa = PBXFileReference; lastKnownFileType = sourcecode.swift; path = CategoryHome.swift; sourceTree = "<group>"; };
		EC08FE63295BC69B003E9023 /* CategoryRow.swift */ = {isa = PBXFileReference; lastKnownFileType = sourcecode.swift; path = CategoryRow.swift; sourceTree = "<group>"; };
		EC08FE65295BC813003E9023 /* CategoryItem.swift */ = {isa = PBXFileReference; lastKnownFileType = sourcecode.swift; path = CategoryItem.swift; sourceTree = "<group>"; };
		ECC5171F2953D56000874349 /* Landmarks.app */ = {isa = PBXFileReference; explicitFileType = wrapper.application; includeInIndex = 0; path = Landmarks.app; sourceTree = BUILT_PRODUCTS_DIR; };
		ECC517222953D56000874349 /* LandmarksApp.swift */ = {isa = PBXFileReference; lastKnownFileType = sourcecode.swift; path = LandmarksApp.swift; sourceTree = "<group>"; };
		ECC517242953D56000874349 /* ContentView.swift */ = {isa = PBXFileReference; lastKnownFileType = sourcecode.swift; path = ContentView.swift; sourceTree = "<group>"; };
		ECC517262953D56500874349 /* Assets.xcassets */ = {isa = PBXFileReference; lastKnownFileType = folder.assetcatalog; path = Assets.xcassets; sourceTree = "<group>"; };
		ECC517292953D56500874349 /* Preview Assets.xcassets */ = {isa = PBXFileReference; lastKnownFileType = folder.assetcatalog; path = "Preview Assets.xcassets"; sourceTree = "<group>"; };
		ECC517302953DB1600874349 /* CircleImage.swift */ = {isa = PBXFileReference; lastKnownFileType = sourcecode.swift; path = CircleImage.swift; sourceTree = "<group>"; };
		ECC517322953DCD300874349 /* MapView.swift */ = {isa = PBXFileReference; lastKnownFileType = sourcecode.swift; path = MapView.swift; sourceTree = "<group>"; };
		ECC517342953E8B700874349 /* landmarkData.json */ = {isa = PBXFileReference; fileEncoding = 4; lastKnownFileType = text.json; path = landmarkData.json; sourceTree = "<group>"; };
		ECC5173629540A6200874349 /* Landmark.swift */ = {isa = PBXFileReference; lastKnownFileType = sourcecode.swift; path = Landmark.swift; sourceTree = "<group>"; };
		ECC5173829540EE000874349 /* ModelData.swift */ = {isa = PBXFileReference; lastKnownFileType = sourcecode.swift; path = ModelData.swift; sourceTree = "<group>"; };
/* End PBXFileReference section */

/* Begin PBXFrameworksBuildPhase section */
		ECC5171C2953D56000874349 /* Frameworks */ = {
			isa = PBXFrameworksBuildPhase;
			buildActionMask = 2147483647;
			files = (
			);
			runOnlyForDeploymentPostprocessing = 0;
		};
/* End PBXFrameworksBuildPhase section */

/* Begin PBXGroup section */
		EC065E6F29541B760033F314 /* Views */ = {
			isa = PBXGroup;
			children = (
				ECC517242953D56000874349 /* ContentView.swift */,
				EC065E7A295A6B1B0033F314 /* Landmarks */,
				EC065E7C295A6B370033F314 /* Helpers */,
				EC065E85295AB99C0033F314 /* Badge */,
				EC065E8C295ACA7B0033F314 /* Hikes */,
				EC08FE60295BB7E4003E9023 /* Categories */,
			);
			path = Views;
			sourceTree = "<group>";
		};
		EC065E7029541B990033F314 /* Model */ = {
			isa = PBXGroup;
			children = (
				ECC5173829540EE000874349 /* ModelData.swift */,
				ECC5173629540A6200874349 /* Landmark.swift */,
				EC065E8A295AC31B0033F314 /* Hike.swift */,
			);
			path = Model;
			sourceTree = "<group>";
		};
		EC065E7129541BB70033F314 /* Resources */ = {
			isa = PBXGroup;
			children = (
				ECC517342953E8B700874349 /* landmarkData.json */,
				EC065E88295AC2E10033F314 /* hikeData.json */,
			);
			path = Resources;
			sourceTree = "<group>";
		};
		EC065E7A295A6B1B0033F314 /* Landmarks */ = {
			isa = PBXGroup;
			children = (
				EC065E7229541D1E0033F314 /* LandmarkRow.swift */,
				EC065E742959566E0033F314 /* LandmarkList.swift */,
				EC065E762959641B0033F314 /* LandmarkDetail.swift */,
			);
			path = Landmarks;
			sourceTree = "<group>";
		};
		EC065E7C295A6B370033F314 /* Helpers */ = {
			isa = PBXGroup;
			children = (
				ECC517302953DB1600874349 /* CircleImage.swift */,
				ECC517322953DCD300874349 /* MapView.swift */,
				EC065E78295A6A6E0033F314 /* FavoriteButton.swift */,
			);
			path = Helpers;
			sourceTree = "<group>";
		};
		EC065E85295AB99C0033F314 /* Badge */ = {
			isa = PBXGroup;
			children = (
				EC065E7D295A6FF10033F314 /* HexagonParameters.swift */,
				EC065E7F295A7F990033F314 /* BadgeBackground.swift */,
				EC065E81295AB5230033F314 /* BadgeSymbol.swift */,
				EC065E83295AB8F80033F314 /* RotatedBadgeSymbol.swift */,
				EC065E86295AB9CB0033F314 /* Badge.swift */,
			);
			path = Badge;
			sourceTree = "<group>";
		};
		EC065E8C295ACA7B0033F314 /* Hikes */ = {
			isa = PBXGroup;
			children = (
				EC065E8D295ACA7B0033F314 /* GraphCapsule.swift */,
				EC065E8E295ACA7B0033F314 /* HikeGraph.swift */,
				EC065E8F295ACA7B0033F314 /* HikeDetail.swift */,
				EC065E90295ACA7B0033F314 /* HikeView.swift */,
				EC08FE5D295BB076003E9023 /* LICENSE */,
			);
			path = Hikes;
			sourceTree = "<group>";
		};
		EC08FE5D295BB076003E9023 /* LICENSE */ = {
			isa = PBXGroup;
			children = (
				EC08FE5E295BB076003E9023 /* LICENSE.txt */,
			);
			path = LICENSE;
			sourceTree = "<group>";
		};
		EC08FE60295BB7E4003E9023 /* Categories */ = {
			isa = PBXGroup;
			children = (
				EC08FE61295BB805003E9023 /* CategoryHome.swift */,
				EC08FE63295BC69B003E9023 /* CategoryRow.swift */,
				EC08FE65295BC813003E9023 /* CategoryItem.swift */,
			);
			path = Categories;
			sourceTree = "<group>";
		};
		ECC517162953D56000874349 = {
			isa = PBXGroup;
			children = (
				ECC517212953D56000874349 /* Landmarks */,
				ECC517202953D56000874349 /* Products */,
			);
			sourceTree = "<group>";
		};
		ECC517202953D56000874349 /* Products */ = {
			isa = PBXGroup;
			children = (
				ECC5171F2953D56000874349 /* Landmarks.app */,
			);
			name = Products;
			sourceTree = "<group>";
		};
		ECC517212953D56000874349 /* Landmarks */ = {
			isa = PBXGroup;
			children = (
				ECC517222953D56000874349 /* LandmarksApp.swift */,
				EC065E6F29541B760033F314 /* Views */,
				EC065E7029541B990033F314 /* Model */,
				EC065E7129541BB70033F314 /* Resources */,
				ECC517262953D56500874349 /* Assets.xcassets */,
				ECC517282953D56500874349 /* Preview Content */,
			);
			path = Landmarks;
			sourceTree = "<group>";
		};
		ECC517282953D56500874349 /* Preview Content */ = {
			isa = PBXGroup;
			children = (
				ECC517292953D56500874349 /* Preview Assets.xcassets */,
			);
			path = "Preview Content";
			sourceTree = "<group>";
		};
/* End PBXGroup section */

/* Begin PBXNativeTarget section */
		ECC5171E2953D56000874349 /* Landmarks */ = {
			isa = PBXNativeTarget;
			buildConfigurationList = ECC5172D2953D56500874349 /* Build configuration list for PBXNativeTarget "Landmarks" */;
			buildPhases = (
				ECC5171B2953D56000874349 /* Sources */,
				ECC5171C2953D56000874349 /* Frameworks */,
				ECC5171D2953D56000874349 /* Resources */,
			);
			buildRules = (
			);
			dependencies = (
			);
			name = Landmarks;
			productName = Landmarks;
			productReference = ECC5171F2953D56000874349 /* Landmarks.app */;
			productType = "com.apple.product-type.application";
		};
/* End PBXNativeTarget section */

/* Begin PBXProject section */
		ECC517172953D56000874349 /* Project object */ = {
			isa = PBXProject;
			attributes = {
				BuildIndependentTargetsInParallel = 1;
				LastSwiftUpdateCheck = 1410;
				LastUpgradeCheck = 1410;
				TargetAttributes = {
					ECC5171E2953D56000874349 = {
						CreatedOnToolsVersion = 14.1;
					};
				};
			};
			buildConfigurationList = ECC5171A2953D56000874349 /* Build configuration list for PBXProject "Landmarks" */;
			compatibilityVersion = "Xcode 14.0";
			developmentRegion = en;
			hasScannedForEncodings = 0;
			knownRegions = (
				en,
				Base,
			);
			mainGroup = ECC517162953D56000874349;
			productRefGroup = ECC517202953D56000874349 /* Products */;
			projectDirPath = "";
			projectRoot = "";
			targets = (
				ECC5171E2953D56000874349 /* Landmarks */,
			);
		};
/* End PBXProject section */

/* Begin PBXResourcesBuildPhase section */
		ECC5171D2953D56000874349 /* Resources */ = {
			isa = PBXResourcesBuildPhase;
			buildActionMask = 2147483647;
			files = (
				EC065E89295AC2E20033F314 /* hikeData.json in Resources */,
				ECC5172A2953D56500874349 /* Preview Assets.xcassets in Resources */,
				ECC517272953D56500874349 /* Assets.xcassets in Resources */,
				EC08FE5F295BB076003E9023 /* LICENSE.txt in Resources */,
				ECC517352953E8B700874349 /* landmarkData.json in Resources */,
			);
			runOnlyForDeploymentPostprocessing = 0;
		};
/* End PBXResourcesBuildPhase section */

/* Begin PBXSourcesBuildPhase section */
		ECC5171B2953D56000874349 /* Sources */ = {
			isa = PBXSourcesBuildPhase;
			buildActionMask = 2147483647;
			files = (
				EC08FE64295BC69B003E9023 /* CategoryRow.swift in Sources */,
				ECC517252953D56000874349 /* ContentView.swift in Sources */,
				EC08FE62295BB805003E9023 /* CategoryHome.swift in Sources */,
				EC065E92295ACA7B0033F314 /* HikeGraph.swift in Sources */,
				EC065E87295AB9CB0033F314 /* Badge.swift in Sources */,
				ECC517332953DCD300874349 /* MapView.swift in Sources */,
				EC065E91295ACA7B0033F314 /* GraphCapsule.swift in Sources */,
				ECC517232953D56000874349 /* LandmarksApp.swift in Sources */,
				EC065E79295A6A6E0033F314 /* FavoriteButton.swift in Sources */,
				EC065E93295ACA7B0033F314 /* HikeDetail.swift in Sources */,
				EC065E7E295A6FF10033F314 /* HexagonParameters.swift in Sources */,
				EC065E8B295AC31B0033F314 /* Hike.swift in Sources */,
				EC065E84295AB8F80033F314 /* RotatedBadgeSymbol.swift in Sources */,
				EC065E82295AB5230033F314 /* BadgeSymbol.swift in Sources */,
				EC065E752959566E0033F314 /* LandmarkList.swift in Sources */,
				EC065E94295ACA7B0033F314 /* HikeView.swift in Sources */,
				EC065E772959641B0033F314 /* LandmarkDetail.swift in Sources */,
				EC065E80295A7F990033F314 /* BadgeBackground.swift in Sources */,
				EC08FE66295BC813003E9023 /* CategoryItem.swift in Sources */,
				ECC517312953DB1600874349 /* CircleImage.swift in Sources */,
				ECC5173729540A6200874349 /* Landmark.swift in Sources */,
				EC065E7329541D1E0033F314 /* LandmarkRow.swift in Sources */,
				ECC5173929540EE000874349 /* ModelData.swift in Sources */,
			);
			runOnlyForDeploymentPostprocessing = 0;
		};
/* End PBXSourcesBuildPhase section */

/* Begin XCBuildConfiguration section */
		ECC5172B2953D56500874349 /* Debug */ = {
			isa = XCBuildConfiguration;
			buildSettings = {
				ALWAYS_SEARCH_USER_PATHS = NO;
				CLANG_ANALYZER_NONNULL = YES;
				CLANG_ANALYZER_NUMBER_OBJECT_CONVERSION = YES_AGGRESSIVE;
				CLANG_CXX_LANGUAGE_STANDARD = "gnu++20";
				CLANG_ENABLE_MODULES = YES;
				CLANG_ENABLE_OBJC_ARC = YES;
				CLANG_ENABLE_OBJC_WEAK = YES;
				CLANG_WARN_BLOCK_CAPTURE_AUTORELEASING = YES;
				CLANG_WARN_BOOL_CONVERSION = YES;
				CLANG_WARN_COMMA = YES;
				CLANG_WARN_CONSTANT_CONVERSION = YES;
				CLANG_WARN_DEPRECATED_OBJC_IMPLEMENTATIONS = YES;
				CLANG_WARN_DIRECT_OBJC_ISA_USAGE = YES_ERROR;
				CLANG_WARN_DOCUMENTATION_COMMENTS = YES;
				CLANG_WARN_EMPTY_BODY = YES;
				CLANG_WARN_ENUM_CONVERSION = YES;
				CLANG_WARN_INFINITE_RECURSION = YES;
				CLANG_WARN_INT_CONVERSION = YES;
				CLANG_WARN_NON_LITERAL_NULL_CONVERSION = YES;
				CLANG_WARN_OBJC_IMPLICIT_RETAIN_SELF = YES;
				CLANG_WARN_OBJC_LITERAL_CONVERSION = YES;
				CLANG_WARN_OBJC_ROOT_CLASS = YES_ERROR;
				CLANG_WARN_QUOTED_INCLUDE_IN_FRAMEWORK_HEADER = YES;
				CLANG_WARN_RANGE_LOOP_ANALYSIS = YES;
				CLANG_WARN_STRICT_PROTOTYPES = YES;
				CLANG_WARN_SUSPICIOUS_MOVE = YES;
				CLANG_WARN_UNGUARDED_AVAILABILITY = YES_AGGRESSIVE;
				CLANG_WARN_UNREACHABLE_CODE = YES;
				CLANG_WARN__DUPLICATE_METHOD_MATCH = YES;
				COPY_PHASE_STRIP = NO;
				DEBUG_INFORMATION_FORMAT = dwarf;
				ENABLE_STRICT_OBJC_MSGSEND = YES;
				ENABLE_TESTABILITY = YES;
				GCC_C_LANGUAGE_STANDARD = gnu11;
				GCC_DYNAMIC_NO_PIC = NO;
				GCC_NO_COMMON_BLOCKS = YES;
				GCC_OPTIMIZATION_LEVEL = 0;
				GCC_PREPROCESSOR_DEFINITIONS = (
					"DEBUG=1",
					"$(inherited)",
				);
				GCC_WARN_64_TO_32_BIT_CONVERSION = YES;
				GCC_WARN_ABOUT_RETURN_TYPE = YES_ERROR;
				GCC_WARN_UNDECLARED_SELECTOR = YES;
				GCC_WARN_UNINITIALIZED_AUTOS = YES_AGGRESSIVE;
				GCC_WARN_UNUSED_FUNCTION = YES;
				GCC_WARN_UNUSED_VARIABLE = YES;
				IPHONEOS_DEPLOYMENT_TARGET = 16.1;
				MTL_ENABLE_DEBUG_INFO = INCLUDE_SOURCE;
				MTL_FAST_MATH = YES;
				ONLY_ACTIVE_ARCH = YES;
				SDKROOT = iphoneos;
				SWIFT_ACTIVE_COMPILATION_CONDITIONS = DEBUG;
				SWIFT_OPTIMIZATION_LEVEL = "-Onone";
			};
			name = Debug;
		};
		ECC5172C2953D56500874349 /* Release */ = {
			isa = XCBuildConfiguration;
			buildSettings = {
				ALWAYS_SEARCH_USER_PATHS = NO;
				CLANG_ANALYZER_NONNULL = YES;
				CLANG_ANALYZER_NUMBER_OBJECT_CONVERSION = YES_AGGRESSIVE;
				CLANG_CXX_LANGUAGE_STANDARD = "gnu++20";
				CLANG_ENABLE_MODULES = YES;
				CLANG_ENABLE_OBJC_ARC = YES;
				CLANG_ENABLE_OBJC_WEAK = YES;
				CLANG_WARN_BLOCK_CAPTURE_AUTORELEASING = YES;
				CLANG_WARN_BOOL_CONVERSION = YES;
				CLANG_WARN_COMMA = YES;
				CLANG_WARN_CONSTANT_CONVERSION = YES;
				CLANG_WARN_DEPRECATED_OBJC_IMPLEMENTATIONS = YES;
				CLANG_WARN_DIRECT_OBJC_ISA_USAGE = YES_ERROR;
				CLANG_WARN_DOCUMENTATION_COMMENTS = YES;
				CLANG_WARN_EMPTY_BODY = YES;
				CLANG_WARN_ENUM_CONVERSION = YES;
				CLANG_WARN_INFINITE_RECURSION = YES;
				CLANG_WARN_INT_CONVERSION = YES;
				CLANG_WARN_NON_LITERAL_NULL_CONVERSION = YES;
				CLANG_WARN_OBJC_IMPLICIT_RETAIN_SELF = YES;
				CLANG_WARN_OBJC_LITERAL_CONVERSION = YES;
				CLANG_WARN_OBJC_ROOT_CLASS = YES_ERROR;
				CLANG_WARN_QUOTED_INCLUDE_IN_FRAMEWORK_HEADER = YES;
				CLANG_WARN_RANGE_LOOP_ANALYSIS = YES;
				CLANG_WARN_STRICT_PROTOTYPES = YES;
				CLANG_WARN_SUSPICIOUS_MOVE = YES;
				CLANG_WARN_UNGUARDED_AVAILABILITY = YES_AGGRESSIVE;
				CLANG_WARN_UNREACHABLE_CODE = YES;
				CLANG_WARN__DUPLICATE_METHOD_MATCH = YES;
				COPY_PHASE_STRIP = NO;
				DEBUG_INFORMATION_FORMAT = "dwarf-with-dsym";
				ENABLE_NS_ASSERTIONS = NO;
				ENABLE_STRICT_OBJC_MSGSEND = YES;
				GCC_C_LANGUAGE_STANDARD = gnu11;
				GCC_NO_COMMON_BLOCKS = YES;
				GCC_WARN_64_TO_32_BIT_CONVERSION = YES;
				GCC_WARN_ABOUT_RETURN_TYPE = YES_ERROR;
				GCC_WARN_UNDECLARED_SELECTOR = YES;
				GCC_WARN_UNINITIALIZED_AUTOS = YES_AGGRESSIVE;
				GCC_WARN_UNUSED_FUNCTION = YES;
				GCC_WARN_UNUSED_VARIABLE = YES;
				IPHONEOS_DEPLOYMENT_TARGET = 16.1;
				MTL_ENABLE_DEBUG_INFO = NO;
				MTL_FAST_MATH = YES;
				SDKROOT = iphoneos;
				SWIFT_COMPILATION_MODE = wholemodule;
				SWIFT_OPTIMIZATION_LEVEL = "-O";
				VALIDATE_PRODUCT = YES;
			};
			name = Release;
		};
		ECC5172E2953D56500874349 /* Debug */ = {
			isa = XCBuildConfiguration;
			buildSettings = {
				ASSETCATALOG_COMPILER_APPICON_NAME = AppIcon;
				ASSETCATALOG_COMPILER_GLOBAL_ACCENT_COLOR_NAME = AccentColor;
				CODE_SIGN_STYLE = Automatic;
				CURRENT_PROJECT_VERSION = 1;
				DEVELOPMENT_ASSET_PATHS = "\"Landmarks/Preview Content\"";
				DEVELOPMENT_TEAM = A485CBPX55;
				ENABLE_PREVIEWS = YES;
				GENERATE_INFOPLIST_FILE = YES;
				INFOPLIST_KEY_UIApplicationSceneManifest_Generation = YES;
				INFOPLIST_KEY_UIApplicationSupportsIndirectInputEvents = YES;
				INFOPLIST_KEY_UILaunchScreen_Generation = YES;
				INFOPLIST_KEY_UISupportedInterfaceOrientations_iPad = "UIInterfaceOrientationPortrait UIInterfaceOrientationPortraitUpsideDown UIInterfaceOrientationLandscapeLeft UIInterfaceOrientationLandscapeRight";
				INFOPLIST_KEY_UISupportedInterfaceOrientations_iPhone = "UIInterfaceOrientationPortrait UIInterfaceOrientationLandscapeLeft UIInterfaceOrientationLandscapeRight";
				LD_RUNPATH_SEARCH_PATHS = (
					"$(inherited)",
					"@executable_path/Frameworks",
				);
				MARKETING_VERSION = 1.0;
				PRODUCT_BUNDLE_IDENTIFIER = com.HuyBui.Landmarks;
				PRODUCT_NAME = "$(TARGET_NAME)";
				SWIFT_EMIT_LOC_STRINGS = YES;
				SWIFT_VERSION = 5.0;
				TARGETED_DEVICE_FAMILY = "1,2";
			};
			name = Debug;
		};
		ECC5172F2953D56500874349 /* Release */ = {
			isa = XCBuildConfiguration;
			buildSettings = {
				ASSETCATALOG_COMPILER_APPICON_NAME = AppIcon;
				ASSETCATALOG_COMPILER_GLOBAL_ACCENT_COLOR_NAME = AccentColor;
				CODE_SIGN_STYLE = Automatic;
				CURRENT_PROJECT_VERSION = 1;
				DEVELOPMENT_ASSET_PATHS = "\"Landmarks/Preview Content\"";
				DEVELOPMENT_TEAM = A485CBPX55;
				ENABLE_PREVIEWS = YES;
				GENERATE_INFOPLIST_FILE = YES;
				INFOPLIST_KEY_UIApplicationSceneManifest_Generation = YES;
				INFOPLIST_KEY_UIApplicationSupportsIndirectInputEvents = YES;
				INFOPLIST_KEY_UILaunchScreen_Generation = YES;
				INFOPLIST_KEY_UISupportedInterfaceOrientations_iPad = "UIInterfaceOrientationPortrait UIInterfaceOrientationPortraitUpsideDown UIInterfaceOrientationLandscapeLeft UIInterfaceOrientationLandscapeRight";
				INFOPLIST_KEY_UISupportedInterfaceOrientations_iPhone = "UIInterfaceOrientationPortrait UIInterfaceOrientationLandscapeLeft UIInterfaceOrientationLandscapeRight";
				LD_RUNPATH_SEARCH_PATHS = (
					"$(inherited)",
					"@executable_path/Frameworks",
				);
				MARKETING_VERSION = 1.0;
				PRODUCT_BUNDLE_IDENTIFIER = com.HuyBui.Landmarks;
				PRODUCT_NAME = "$(TARGET_NAME)";
				SWIFT_EMIT_LOC_STRINGS = YES;
				SWIFT_VERSION = 5.0;
				TARGETED_DEVICE_FAMILY = "1,2";
			};
			name = Release;
		};
/* End XCBuildConfiguration section */

/* Begin XCConfigurationList section */
		ECC5171A2953D56000874349 /* Build configuration list for PBXProject "Landmarks" */ = {
			isa = XCConfigurationList;
			buildConfigurations = (
				ECC5172B2953D56500874349 /* Debug */,
				ECC5172C2953D56500874349 /* Release */,
			);
			defaultConfigurationIsVisible = 0;
			defaultConfigurationName = Release;
		};
		ECC5172D2953D56500874349 /* Build configuration list for PBXNativeTarget "Landmarks" */ = {
			isa = XCConfigurationList;
			buildConfigurations = (
				ECC5172E2953D56500874349 /* Debug */,
				ECC5172F2953D56500874349 /* Release */,
			);
			defaultConfigurationIsVisible = 0;
			defaultConfigurationName = Release;
		};
/* End XCConfigurationList section */
	};
	rootObject = ECC517172953D56000874349 /* Project object */;
}
